
Microsoft Visual Studio Solution File, Format Version 12.00
# Visual Studio Version 17
VisualStudioVersion = 17.8.34316.72
MinimumVisualStudioVersion = 10.0.40219.1
Project("{9A19103F-16F7-4668-BE54-9A1E7A4F7556}") = "ReservationWebAPI", "ReservationWebAPI\ReservationWebAPI.csproj", "{F703DEC5-1B3D-4CEF-AB1F-3454D3ADD79B}"
EndProject
Project("{FAE04EC0-301F-11D3-BF4B-00C04F79EFBC}") = "ReservationWebAPI.Core.Tests", "ReservationWebAPI.Core.Tests\ReservationWebAPI.Core.Tests.csproj", "{7E4AED98-8E3B-4A01-A313-8E95952304BA}"
EndProject
Global
	GlobalSection(SolutionConfigurationPlatforms) = preSolution
		Debug|Any CPU = Debug|Any CPU
		Release|Any CPU = Release|Any CPU
	EndGlobalSection
	GlobalSection(ProjectConfigurationPlatforms) = postSolution
		{F703DEC5-1B3D-4CEF-AB1F-3454D3ADD79B}.Debug|Any CPU.ActiveCfg = Debug|Any CPU
		{F703DEC5-1B3D-4CEF-AB1F-3454D3ADD79B}.Debug|Any CPU.Build.0 = Debug|Any CPU
		{F703DEC5-1B3D-4CEF-AB1F-3454D3ADD79B}.Release|Any CPU.ActiveCfg = Release|Any CPU
		{F703DEC5-1B3D-4CEF-AB1F-3454D3ADD79B}.Release|Any CPU.Build.0 = Release|Any CPU
		{7E4AED98-8E3B-4A01-A313-8E95952304BA}.Debug|Any CPU.ActiveCfg = Debug|Any CPU
		{7E4AED98-8E3B-4A01-A313-8E95952304BA}.Debug|Any CPU.Build.0 = Debug|Any CPU
		{7E4AED98-8E3B-4A01-A313-8E95952304BA}.Release|Any CPU.ActiveCfg = Release|Any CPU
		{7E4AED98-8E3B-4A01-A313-8E95952304BA}.Release|Any CPU.Build.0 = Release|Any CPU
	EndGlobalSection
	GlobalSection(SolutionProperties) = preSolution
		HideSolutionNode = FALSE
	EndGlobalSection
	GlobalSection(ExtensibilityGlobals) = postSolution
		SolutionGuid = {3FA9F4EA-B06C-44AB-B501-3EB61A50DD4F}
	EndGlobalSection
EndGlobal
